{
  "nodes": {
    "agenix": {
      "inputs": {
        "nixpkgs": "nixpkgs"
      },
      "locked": {
        "lastModified": 1648942457,
        "narHash": "sha256-i29Z1t3sVfCNfpp+KAfeExvpqHQSbLO1KWylTtfradU=",
        "owner": "ryantm",
        "repo": "agenix",
        "rev": "0d5e59ed645e4c7b60174bc6f6aac6a203dc0b01",
        "type": "github"
      },
      "original": {
        "owner": "ryantm",
        "repo": "agenix",
        "type": "github"
      }
    },
    "deploy-rs": {
      "inputs": {
        "flake-compat": "flake-compat",
        "nixpkgs": "nixpkgs_2",
        "utils": "utils"
      },
      "locked": {
        "lastModified": 1648475189,
        "narHash": "sha256-gAGAS6IagwoUr1B0ohE3iR6sZ8hP4LSqzYLC8Mq3WGU=",
        "owner": "serokell",
        "repo": "deploy-rs",
        "rev": "83e0c78291cd08cb827ba0d553ad9158ae5a95c3",
        "type": "github"
      },
      "original": {
        "owner": "serokell",
        "repo": "deploy-rs",
        "type": "github"
      }
    },
    "flake-compat": {
      "flake": false,
      "locked": {
        "lastModified": 1648199409,
        "narHash": "sha256-JwPKdC2PoVBkG6E+eWw3j6BMR6sL3COpYWfif7RVb8Y=",
        "owner": "edolstra",
        "repo": "flake-compat",
        "rev": "64a525ee38886ab9028e6f61790de0832aa3ef03",
        "type": "github"
      },
      "original": {
        "owner": "edolstra",
        "repo": "flake-compat",
        "type": "github"
      }
    },
    "home-manager": {
      "inputs": {
        "nixpkgs": "nixpkgs_3"
      },
      "locked": {
        "lastModified": 1649984295,
        "narHash": "sha256-55dgKGs7W8eC3s9GYewll9y4IlP/KAlSinjQwshNpxM=",
        "owner": "nix-community",
        "repo": "home-manager",
        "rev": "d49d68f4196d32c5039cb9e91d730cee894f6f14",
        "type": "github"
      },
      "original": {
        "owner": "nix-community",
        "repo": "home-manager",
        "type": "github"
      }
    },
    "mara": {
      "inputs": {
        "naersk": "naersk",
        "nixpkgs": [
          "nixpkgs"
        ],
        "utils": [
          "utils"
        ]
      },
      "locked": {
        "lastModified": 1645303154,
        "narHash": "sha256-BrFM/oLj55Q0KRTbfbZQZHXZd8KHQCQYL8xwg9ZRDMM=",
        "ref": "main",
        "rev": "4446edeb050ef24708d03711af998d8d6ac4d998",
        "revCount": 13,
        "type": "git",
        "url": "https://tulpa.dev/Xe/mara.git"
      },
      "original": {
        "ref": "main",
        "type": "git",
        "url": "https://tulpa.dev/Xe/mara.git"
      }
    },
    "naersk": {
      "inputs": {
        "nixpkgs": [
          "mara",
          "nixpkgs"
        ]
      },
      "locked": {
        "lastModified": 1639947939,
        "narHash": "sha256-pGsM8haJadVP80GFq4xhnSpNitYNQpaXk4cnA796Cso=",
        "owner": "nmattia",
        "repo": "naersk",
        "rev": "2fc8ce9d3c025d59fee349c1f80be9785049d653",
        "type": "github"
      },
      "original": {
        "owner": "nmattia",
        "ref": "master",
        "repo": "naersk",
        "type": "github"
      }
    },
    "naersk_2": {
      "inputs": {
        "nixpkgs": "nixpkgs_5"
      },
      "locked": {
        "lastModified": 1639947939,
        "narHash": "sha256-pGsM8haJadVP80GFq4xhnSpNitYNQpaXk4cnA796Cso=",
        "owner": "nix-community",
        "repo": "naersk",
        "rev": "2fc8ce9d3c025d59fee349c1f80be9785049d653",
        "type": "github"
      },
      "original": {
        "owner": "nix-community",
        "repo": "naersk",
        "type": "github"
      }
    },
    "naersk_3": {
      "inputs": {
        "nixpkgs": [
          "waifud",
          "nixpkgs"
        ]
      },
      "locked": {
        "lastModified": 1639947939,
        "narHash": "sha256-pGsM8haJadVP80GFq4xhnSpNitYNQpaXk4cnA796Cso=",
        "owner": "nmattia",
        "repo": "naersk",
        "rev": "2fc8ce9d3c025d59fee349c1f80be9785049d653",
        "type": "github"
      },
      "original": {
        "owner": "nmattia",
        "ref": "master",
        "repo": "naersk",
        "type": "github"
      }
    },
    "nixpkgs": {
      "locked": {
        "lastModified": 1638587357,
        "narHash": "sha256-2ySMW3QARG8BsRPmwe7clTbdCuaObromOKewykP+UJc=",
        "owner": "nixos",
        "repo": "nixpkgs",
        "rev": "e34c5379866833f41e2a36f309912fa675d687c7",
        "type": "github"
      },
      "original": {
        "owner": "nixos",
        "ref": "nixos-21.11",
        "repo": "nixpkgs",
        "type": "github"
      }
    },
    "nixpkgs_2": {
      "locked": {
        "lastModified": 1648219316,
        "narHash": "sha256-Ctij+dOi0ZZIfX5eMhgwugfvB+WZSrvVNAyAuANOsnQ=",
        "owner": "NixOS",
        "repo": "nixpkgs",
        "rev": "30d3d79b7d3607d56546dd2a6b49e156ba0ec634",
        "type": "github"
      },
      "original": {
        "owner": "NixOS",
        "ref": "nixpkgs-unstable",
        "repo": "nixpkgs",
        "type": "github"
      }
    },
    "nixpkgs_3": {
      "locked": {
        "lastModified": 1649961138,
        "narHash": "sha256-8ZCPrazs+qd2V8Elw84lIWuk0kKfVQ8Ei/19gahURhM=",
        "owner": "NixOS",
        "repo": "nixpkgs",
        "rev": "d08394e7cd5c7431a1e8f53b7f581e74ee909548",
        "type": "github"
      },
      "original": {
        "id": "nixpkgs",
        "type": "indirect"
      }
    },
    "nixpkgs_4": {
      "locked": {
        "lastModified": 1649809588,
        "narHash": "sha256-f6sgDj9A8FXTVyA2zkxA66YX+j6BftxE9VHTeIMhEKE=",
        "owner": "NixOS",
        "repo": "nixpkgs",
        "rev": "ff9efb0724de5ae0f9db9df2debefced7eb1571d",
        "type": "github"
      },
      "original": {
        "owner": "NixOS",
        "ref": "nixos-unstable",
        "repo": "nixpkgs",
        "type": "github"
      }
    },
    "nixpkgs_5": {
      "locked": {
        "lastModified": 1645866791,
        "narHash": "sha256-okyN8nAb0gFfF2rjjJnMiIuOM+nZXxZ9Wc2PyoYYKWo=",
        "owner": "NixOS",
        "repo": "nixpkgs",
        "rev": "607178a179d6943cb64970882511c24b2a983c2b",
        "type": "github"
      },
      "original": {
        "id": "nixpkgs",
        "type": "indirect"
      }
    },
    "nixpkgs_6": {
      "locked": {
        "lastModified": 1640319671,
        "narHash": "sha256-ZkKmakwaOaLiZOpIZWbeJZwap5CzJ30s4UJTfydYIYc=",
        "owner": "nixos",
        "repo": "nixpkgs",
        "rev": "eac07edbd20ed4908b98790ba299250b5527ecdf",
        "type": "github"
      },
      "original": {
        "owner": "nixos",
        "ref": "nixos-unstable",
        "repo": "nixpkgs",
        "type": "github"
      }
    },
    "portable-svc": {
      "locked": {
        "lastModified": 1645960986,
        "narHash": "sha256-XuapDz2dkUAgKaj3L2EUgzXApn6IXGtQVg/TEfhr0w8=",
        "ref": "main",
        "rev": "138c25c1c3ee4f7945059e05259d3fe03678e843",
        "revCount": 5,
        "type": "git",
        "url": "https://tulpa.dev/cadey/portable-svc.git"
      },
      "original": {
        "ref": "main",
        "type": "git",
        "url": "https://tulpa.dev/cadey/portable-svc.git"
      }
    },
    "printerfacts": {
      "inputs": {
        "flake-utils": [
          "utils"
        ],
        "naersk": "naersk_2",
        "nixpkgs": [
          "nixpkgs"
        ],
        "portable-svc": "portable-svc",
        "xess": "xess"
      },
      "locked": {
        "lastModified": 1645968759,
        "narHash": "sha256-S7aGJUfsopvTs3tpX74PQtiq0is3RHuuGo/8ph4+TpE=",
        "ref": "main",
        "rev": "b92f7d216d1397936e28f3df9ed33482c7f2d053",
        "revCount": 58,
        "type": "git",
        "url": "https://tulpa.dev/cadey/printerfacts.git"
      },
      "original": {
        "ref": "main",
        "type": "git",
        "url": "https://tulpa.dev/cadey/printerfacts.git"
      }
    },
    "rhea": {
      "inputs": {
        "nixpkgs": [
          "nixpkgs"
        ]
      },
      "locked": {
        "lastModified": 1645307532,
        "narHash": "sha256-qTnnUL6/XPX5EN9Jc/yxOcPyDNJNtxMKu0sHHR4Uc6M=",
        "owner": "Xe",
        "repo": "rhea",
        "rev": "0bae7f6eab4f0896a3be6eb3307b82a62c26b1a7",
        "type": "github"
      },
      "original": {
        "owner": "Xe",
        "repo": "rhea",
        "type": "github"
      }
    },
    "root": {
      "inputs": {
        "agenix": "agenix",
        "deploy-rs": "deploy-rs",
        "home-manager": "home-manager",
        "mara": "mara",
        "nixpkgs": "nixpkgs_4",
        "printerfacts": "printerfacts",
        "rhea": "rhea",
        "snoo2nebby": "snoo2nebby",
        "utils": "utils_3",
        "waifud": "waifud"
      }
    },
    "snoo2nebby": {
      "inputs": {
        "nixpkgs": [
          "nixpkgs"
        ],
        "utils": [
          "utils"
        ]
      },
      "locked": {
        "lastModified": 1646790985,
        "narHash": "sha256-Mt1hBO4CpTrpGD6Y0Vts2SdpiEZ3jygIdiijprhDeCg=",
        "ref": "main",
        "rev": "4b0416555b41ea370e905d99d24d8f13331331c7",
        "revCount": 9,
        "type": "git",
        "url": "https://tulpa.dev/cadey/snoo2nebby.git"
      },
      "original": {
        "ref": "main",
        "type": "git",
        "url": "https://tulpa.dev/cadey/snoo2nebby.git"
      }
    },
    "utils": {
      "locked": {
        "lastModified": 1648297722,
        "narHash": "sha256-W+qlPsiZd8F3XkzXOzAoR+mpFqzm3ekQkJNa+PIh1BQ=",
        "owner": "numtide",
        "repo": "flake-utils",
        "rev": "0f8662f1319ad6abf89b3380dd2722369fc51ade",
        "type": "github"
      },
      "original": {
        "owner": "numtide",
        "repo": "flake-utils",
        "type": "github"
      }
    },
    "utils_2": {
      "locked": {
        "lastModified": 1638122382,
        "narHash": "sha256-sQzZzAbvKEqN9s0bzWuYmRaA03v40gaJ4+iL1LXjaeI=",
        "owner": "numtide",
        "repo": "flake-utils",
        "rev": "74f7e4319258e287b0f9cb95426c9853b282730b",
        "type": "github"
      },
      "original": {
        "owner": "numtide",
        "repo": "flake-utils",
        "type": "github"
      }
    },
    "utils_3": {
      "locked": {
        "lastModified": 1649676176,
        "narHash": "sha256-OWKJratjt2RW151VUlJPRALb7OU2S5s+f0vLj4o1bHM=",
        "owner": "numtide",
        "repo": "flake-utils",
        "rev": "a4b154ebbdc88c8498a5c7b01589addc9e9cb678",
        "type": "github"
      },
      "original": {
        "owner": "numtide",
        "repo": "flake-utils",
        "type": "github"
      }
    },
    "waifud": {
      "inputs": {
        "naersk": "naersk_3",
        "nixpkgs": [
          "nixpkgs"
        ],
        "utils": [
          "utils"
        ]
      },
      "locked": {
        "lastModified": 1646425650,
        "narHash": "sha256-Vn5PKtG6l+tjGmDfAsdyxdqv1QSLFt42Ousd3/FREGg=",
        "owner": "Xe",
        "repo": "waifud",
        "rev": "58690168f6ec65d704b1d64e8dad89b91d98d780",
        "type": "github"
      },
      "original": {
        "owner": "Xe",
        "repo": "waifud",
        "type": "github"
      }
    },
    "xess": {
      "inputs": {
        "nixpkgs": "nixpkgs_6",
        "utils": "utils_2"
      },
      "locked": {
        "lastModified": 1640540322,
        "narHash": "sha256-II4raADUWKTLDAALyJSToAgL8FB1ADbRHqEr/b3JeIc=",
        "owner": "Xe",
        "repo": "Xess",
        "rev": "5fabc96de6487a721235c4bdf18214519d9e6201",
        "type": "github"
      },
      "original": {
        "owner": "Xe",
        "repo": "Xess",
        "type": "github"
      }
    }
  },
  "root": "root",
  "version": 7
}
