{
  "nodes": {
    "agenix": {
      "inputs": {
        "nixpkgs": "nixpkgs"
      },
      "locked": {
        "lastModified": 1665870395,
        "narHash": "sha256-Tsbqb27LDNxOoPLh0gw2hIb6L/6Ow/6lIBvqcHzEKBI=",
        "owner": "ryantm",
        "repo": "agenix",
        "rev": "a630400067c6d03c9b3e0455347dc8559db14288",
        "type": "github"
      },
      "original": {
        "owner": "ryantm",
        "repo": "agenix",
        "type": "github"
      }
    },
    "ckiee": {
      "locked": {
        "lastModified": 1651228769,
        "narHash": "sha256-7aO7XxunWR5FUdwZBrNgXWt1xD6posMo7nLubIEbh50=",
        "owner": "ckiee",
        "repo": "nixpkgs",
        "rev": "b123419b91b91afce08491861a6dd7069e2ba949",
        "type": "github"
      },
      "original": {
        "owner": "ckiee",
        "ref": "gpt2simple-py-init",
        "repo": "nixpkgs",
        "type": "github"
      }
    },
    "deploy-rs": {
      "inputs": {
        "flake-compat": "flake-compat",
        "nixpkgs": "nixpkgs_2",
        "utils": "utils"
      },
      "locked": {
        "lastModified": 1659725433,
        "narHash": "sha256-1ZxuK67TL29YLw88vQ18Y2Y6iYg8Jb7I6/HVzmNB6nM=",
        "owner": "serokell",
        "repo": "deploy-rs",
        "rev": "41f15759dd8b638e7b4f299730d94d5aa46ab7eb",
        "type": "github"
      },
      "original": {
        "owner": "serokell",
        "repo": "deploy-rs",
        "type": "github"
      }
    },
    "emacs-overlay": {
      "inputs": {
        "flake-utils": "flake-utils",
        "nixpkgs": "nixpkgs_3"
      },
      "locked": {
        "lastModified": 1666957671,
        "narHash": "sha256-QmFXa7AToYu1/xyo4jxo7wKpy0Ec6IYWVsQjKz4WqlM=",
        "owner": "nix-community",
        "repo": "emacs-overlay",
        "rev": "c5a67519099ded10354a96c268a9bdef8087161d",
        "type": "github"
      },
      "original": {
        "owner": "nix-community",
        "repo": "emacs-overlay",
        "type": "github"
      }
    },
    "flake-compat": {
      "flake": false,
      "locked": {
        "lastModified": 1648199409,
        "narHash": "sha256-JwPKdC2PoVBkG6E+eWw3j6BMR6sL3COpYWfif7RVb8Y=",
        "owner": "edolstra",
        "repo": "flake-compat",
        "rev": "64a525ee38886ab9028e6f61790de0832aa3ef03",
        "type": "github"
      },
      "original": {
        "owner": "edolstra",
        "repo": "flake-compat",
        "type": "github"
      }
    },
    "flake-compat_2": {
      "flake": false,
      "locked": {
        "lastModified": 1650374568,
        "narHash": "sha256-Z+s0J8/r907g149rllvwhb4pKi8Wam5ij0st8PwAh+E=",
        "owner": "edolstra",
        "repo": "flake-compat",
        "rev": "b4a34015c698c7793d592d66adbab377907a2be8",
        "type": "github"
      },
      "original": {
        "owner": "edolstra",
        "repo": "flake-compat",
        "type": "github"
      }
    },
    "flake-utils": {
      "locked": {
        "lastModified": 1659877975,
        "narHash": "sha256-zllb8aq3YO3h8B/U0/J1WBgAL8EX5yWf5pMj3G0NAmc=",
        "owner": "numtide",
        "repo": "flake-utils",
        "rev": "c0e246b9b83f637f4681389ecabcb2681b4f3af0",
        "type": "github"
      },
      "original": {
        "owner": "numtide",
        "repo": "flake-utils",
        "type": "github"
      }
    },
    "gomod2nix": {
      "inputs": {
        "nixpkgs": [
          "x",
          "nixpkgs"
        ],
        "utils": [
          "x",
          "utils"
        ]
      },
      "locked": {
        "lastModified": 1662501203,
        "narHash": "sha256-4BKeqCX2zwgBiTdlc2DjGQ0CttKm0vSw0r/bdFdM/PQ=",
        "owner": "tweag",
        "repo": "gomod2nix",
        "rev": "89cd0675b96775aa3ee86e7c0cf5bc238dd27976",
        "type": "github"
      },
      "original": {
        "owner": "tweag",
        "repo": "gomod2nix",
        "type": "github"
      }
    },
    "home-manager": {
      "inputs": {
        "nixpkgs": "nixpkgs_4",
        "utils": "utils_2"
      },
      "locked": {
        "lastModified": 1666903647,
        "narHash": "sha256-sFI1Gh9DTGzHnBINondupUGYbe+T0wZcpcZjkW0qffM=",
        "owner": "nix-community",
        "repo": "home-manager",
        "rev": "213a06295dff96668a1d673b9fd1c03ce1de6745",
        "type": "github"
      },
      "original": {
        "owner": "nix-community",
        "repo": "home-manager",
        "type": "github"
      }
    },
    "mara": {
      "inputs": {
        "naersk": "naersk",
        "nixpkgs": [
          "nixpkgs"
        ],
        "utils": [
          "utils"
        ]
      },
      "locked": {
        "lastModified": 1645303154,
        "narHash": "sha256-BrFM/oLj55Q0KRTbfbZQZHXZd8KHQCQYL8xwg9ZRDMM=",
        "ref": "main",
        "rev": "4446edeb050ef24708d03711af998d8d6ac4d998",
        "revCount": 13,
        "type": "git",
        "url": "https://tulpa.dev/Xe/mara.git"
      },
      "original": {
        "ref": "main",
        "type": "git",
        "url": "https://tulpa.dev/Xe/mara.git"
      }
    },
    "naersk": {
      "inputs": {
        "nixpkgs": [
          "mara",
          "nixpkgs"
        ]
      },
      "locked": {
        "lastModified": 1639947939,
        "narHash": "sha256-pGsM8haJadVP80GFq4xhnSpNitYNQpaXk4cnA796Cso=",
        "owner": "nmattia",
        "repo": "naersk",
        "rev": "2fc8ce9d3c025d59fee349c1f80be9785049d653",
        "type": "github"
      },
      "original": {
        "owner": "nmattia",
        "ref": "master",
        "repo": "naersk",
        "type": "github"
      }
    },
    "naersk_2": {
      "inputs": {
        "nixpkgs": "nixpkgs_6"
      },
      "locked": {
        "lastModified": 1650265945,
        "narHash": "sha256-SO8+1db4jTOjnwP++29vVgImLIfETSXyoz0FuLkiikE=",
        "owner": "nix-community",
        "repo": "naersk",
        "rev": "e8f9f8d037774becd82fce2781e1abdb7836d7df",
        "type": "github"
      },
      "original": {
        "owner": "nix-community",
        "repo": "naersk",
        "type": "github"
      }
    },
    "naersk_3": {
      "inputs": {
        "nixpkgs": [
          "waifud",
          "nixpkgs"
        ]
      },
      "locked": {
        "lastModified": 1659610603,
        "narHash": "sha256-LYgASYSPYo7O71WfeUOaEUzYfzuXm8c8eavJcel+pfI=",
        "owner": "nmattia",
        "repo": "naersk",
        "rev": "c6a45e4277fa58abd524681466d3450f896dc094",
        "type": "github"
      },
      "original": {
        "owner": "nmattia",
        "ref": "master",
        "repo": "naersk",
        "type": "github"
      }
    },
    "nixpkgs": {
      "locked": {
        "lastModified": 1665732960,
        "narHash": "sha256-WBZ+uSHKFyjvd0w4inbm0cNExYTn8lpYFcHEes8tmec=",
        "owner": "NixOS",
        "repo": "nixpkgs",
        "rev": "4428e23312933a196724da2df7ab78eb5e67a88e",
        "type": "github"
      },
      "original": {
        "owner": "NixOS",
        "ref": "nixos-unstable",
        "repo": "nixpkgs",
        "type": "github"
      }
    },
    "nixpkgs-master": {
      "locked": {
        "lastModified": 1666973925,
        "narHash": "sha256-nNbZlIHdN7awbG+UyBD9ZrGde+fVj6Thuy/2wg6iCVk=",
        "owner": "NixOS",
        "repo": "nixpkgs",
        "rev": "8a75ffda36e4766ed3f3b62bd3db9c558de797da",
        "type": "github"
      },
      "original": {
        "id": "nixpkgs",
        "ref": "master",
        "type": "indirect"
      }
    },
    "nixpkgs_2": {
      "locked": {
        "lastModified": 1648219316,
        "narHash": "sha256-Ctij+dOi0ZZIfX5eMhgwugfvB+WZSrvVNAyAuANOsnQ=",
        "owner": "NixOS",
        "repo": "nixpkgs",
        "rev": "30d3d79b7d3607d56546dd2a6b49e156ba0ec634",
        "type": "github"
      },
      "original": {
        "owner": "NixOS",
        "ref": "nixpkgs-unstable",
        "repo": "nixpkgs",
        "type": "github"
      }
    },
    "nixpkgs_3": {
      "locked": {
        "lastModified": 1666926733,
        "narHash": "sha256-+gYfOEnQVISPDRNoWm2VJD5OEuTUySt48RchLpvm61o=",
        "owner": "NixOS",
        "repo": "nixpkgs",
        "rev": "f44ba1be526c8da9e79a5759feca2365204003f6",
        "type": "github"
      },
      "original": {
        "id": "nixpkgs",
        "type": "indirect"
      }
    },
    "nixpkgs_4": {
      "locked": {
        "lastModified": 1662996720,
        "narHash": "sha256-XvLQ3SuXnDMJMpM1sv1ifPjBuRytiDYhB12H/BNTjgY=",
        "owner": "nixos",
        "repo": "nixpkgs",
        "rev": "5f326e2a403e1cebaec378e72ceaf5725983376d",
        "type": "github"
      },
      "original": {
        "owner": "nixos",
        "ref": "nixos-unstable",
        "repo": "nixpkgs",
        "type": "github"
      }
    },
    "nixpkgs_5": {
      "locked": {
        "lastModified": 1666869603,
        "narHash": "sha256-3V53or4Vpu4+LrGfGSh3T2V8+qf5RP6nRuex9GywkwE=",
        "owner": "NixOS",
        "repo": "nixpkgs",
        "rev": "2001e2b31c565bcdf7bc13062b8d7cfccaca05b8",
        "type": "github"
      },
      "original": {
        "owner": "NixOS",
        "ref": "nixos-unstable",
        "repo": "nixpkgs",
        "type": "github"
      }
    },
    "nixpkgs_6": {
      "locked": {
        "lastModified": 1650555608,
        "narHash": "sha256-e34oMPWPwRWhF1K6NZnF0mNle7qDADJzjWujp8UupGo=",
        "owner": "NixOS",
        "repo": "nixpkgs",
        "rev": "c11ee1c598b15a24d18f142f85ee3d438afc39e6",
        "type": "github"
      },
      "original": {
        "id": "nixpkgs",
        "type": "indirect"
      }
    },
    "nixpkgs_7": {
      "locked": {
        "lastModified": 1650161686,
        "narHash": "sha256-70ZWAlOQ9nAZ08OU6WY7n4Ij2kOO199dLfNlvO/+pf8=",
        "owner": "NixOS",
        "repo": "nixpkgs",
        "rev": "1ffba9f2f683063c2b14c9f4d12c55ad5f4ed887",
        "type": "github"
      },
      "original": {
        "id": "nixpkgs",
        "ref": "nixos-unstable",
        "type": "indirect"
      }
    },
    "nixpkgs_8": {
      "locked": {
        "lastModified": 1640319671,
        "narHash": "sha256-ZkKmakwaOaLiZOpIZWbeJZwap5CzJ30s4UJTfydYIYc=",
        "owner": "nixos",
        "repo": "nixpkgs",
        "rev": "eac07edbd20ed4908b98790ba299250b5527ecdf",
        "type": "github"
      },
      "original": {
        "owner": "nixos",
        "ref": "nixos-unstable",
        "repo": "nixpkgs",
        "type": "github"
      }
    },
    "nixpkgs_9": {
      "locked": {
        "lastModified": 1662019588,
        "narHash": "sha256-oPEjHKGGVbBXqwwL+UjsveJzghWiWV0n9ogo1X6l4cw=",
        "owner": "NixOS",
        "repo": "nixpkgs",
        "rev": "2da64a81275b68fdad38af669afeda43d401e94b",
        "type": "github"
      },
      "original": {
        "id": "nixpkgs",
        "ref": "nixos-unstable",
        "type": "indirect"
      }
    },
    "portable-svc": {
      "inputs": {
        "nixpkgs": "nixpkgs_7"
      },
      "locked": {
        "lastModified": 1650586426,
        "narHash": "sha256-n/Q2IzITm8s5sej3l3D0rxJcd7vx4P7KF4hOkN9pOOg=",
        "ref": "main",
        "rev": "eb4b2c4754e5cd4a976a2941c27194526e8781de",
        "revCount": 6,
        "type": "git",
        "url": "https://tulpa.dev/cadey/portable-svc.git"
      },
      "original": {
        "ref": "main",
        "type": "git",
        "url": "https://tulpa.dev/cadey/portable-svc.git"
      }
    },
    "portable-svc_2": {
      "inputs": {
        "nixpkgs": "nixpkgs_9"
      },
      "locked": {
        "lastModified": 1662398951,
        "narHash": "sha256-E6kcB8SZQB+N37/AVxmMrUXzt/i/Herqp8DH7pBAmWw=",
        "ref": "main",
        "rev": "e2683a1c4ca5c42f47956c0ab46331d8a0f3be3d",
        "revCount": 7,
        "type": "git",
        "url": "https://tulpa.dev/cadey/portable-svc.git"
      },
      "original": {
        "ref": "main",
        "type": "git",
        "url": "https://tulpa.dev/cadey/portable-svc.git"
      }
    },
    "printerfacts": {
      "inputs": {
        "flake-utils": [
          "utils"
        ],
        "naersk": "naersk_2",
        "nixpkgs": [
          "nixpkgs"
        ],
        "portable-svc": "portable-svc",
        "xess": "xess"
      },
      "locked": {
        "lastModified": 1650588246,
        "narHash": "sha256-Pq92JetnhkvGArE+fUQcTtUB0DUi6yS4mY3IuRGn/qU=",
        "ref": "main",
        "rev": "640a40809968f897b7de7694705eb5621bbe87ea",
        "revCount": 62,
        "type": "git",
        "url": "https://tulpa.dev/cadey/printerfacts.git"
      },
      "original": {
        "ref": "main",
        "type": "git",
        "url": "https://tulpa.dev/cadey/printerfacts.git"
      }
    },
    "rhea": {
      "inputs": {
        "nixpkgs": [
          "nixpkgs"
        ]
      },
      "locked": {
        "lastModified": 1659625781,
        "narHash": "sha256-/PCwchnMOk6Sk/0FjFGd0YJ86NSpU37/ebbhrY7hUcU=",
        "owner": "Xe",
        "repo": "rhea",
        "rev": "b4bb09f805a521314327f034a3fdd611147cda9d",
        "type": "github"
      },
      "original": {
        "owner": "Xe",
        "repo": "rhea",
        "type": "github"
      }
    },
    "root": {
      "inputs": {
        "agenix": "agenix",
        "deploy-rs": "deploy-rs",
        "emacs-overlay": "emacs-overlay",
        "home-manager": "home-manager",
        "mara": "mara",
        "nixpkgs": "nixpkgs_5",
        "nixpkgs-master": "nixpkgs-master",
        "printerfacts": "printerfacts",
        "rhea": "rhea",
        "utils": "utils_4",
        "waifud": "waifud",
        "wsl": "wsl",
        "x": "x"
      }
    },
    "utils": {
      "locked": {
        "lastModified": 1648297722,
        "narHash": "sha256-W+qlPsiZd8F3XkzXOzAoR+mpFqzm3ekQkJNa+PIh1BQ=",
        "owner": "numtide",
        "repo": "flake-utils",
        "rev": "0f8662f1319ad6abf89b3380dd2722369fc51ade",
        "type": "github"
      },
      "original": {
        "owner": "numtide",
        "repo": "flake-utils",
        "type": "github"
      }
    },
    "utils_2": {
      "locked": {
        "lastModified": 1659877975,
        "narHash": "sha256-zllb8aq3YO3h8B/U0/J1WBgAL8EX5yWf5pMj3G0NAmc=",
        "owner": "numtide",
        "repo": "flake-utils",
        "rev": "c0e246b9b83f637f4681389ecabcb2681b4f3af0",
        "type": "github"
      },
      "original": {
        "owner": "numtide",
        "repo": "flake-utils",
        "type": "github"
      }
    },
    "utils_3": {
      "locked": {
        "lastModified": 1638122382,
        "narHash": "sha256-sQzZzAbvKEqN9s0bzWuYmRaA03v40gaJ4+iL1LXjaeI=",
        "owner": "numtide",
        "repo": "flake-utils",
        "rev": "74f7e4319258e287b0f9cb95426c9853b282730b",
        "type": "github"
      },
      "original": {
        "owner": "numtide",
        "repo": "flake-utils",
        "type": "github"
      }
    },
    "utils_4": {
      "locked": {
        "lastModified": 1659877975,
        "narHash": "sha256-zllb8aq3YO3h8B/U0/J1WBgAL8EX5yWf5pMj3G0NAmc=",
        "owner": "numtide",
        "repo": "flake-utils",
        "rev": "c0e246b9b83f637f4681389ecabcb2681b4f3af0",
        "type": "github"
      },
      "original": {
        "owner": "numtide",
        "repo": "flake-utils",
        "type": "github"
      }
    },
    "waifud": {
      "inputs": {
        "naersk": "naersk_3",
        "nixpkgs": [
          "nixpkgs"
        ],
        "utils": [
          "utils"
        ],
        "xess": "xess_2"
      },
      "locked": {
        "lastModified": 1666264211,
        "narHash": "sha256-/GYmI0FIQ4v2kIzqOUatsUqCGQ8sMhenEyoaWvo2DuA=",
        "owner": "Xe",
        "repo": "waifud",
        "rev": "adbd76009f14bd02773c44973ee855b6a84973dd",
        "type": "github"
      },
      "original": {
        "owner": "Xe",
        "repo": "waifud",
        "type": "github"
      }
    },
    "wsl": {
      "inputs": {
        "flake-compat": "flake-compat_2",
        "flake-utils": [
          "utils"
        ],
        "nixpkgs": [
          "nixpkgs"
        ]
      },
      "locked": {
        "lastModified": 1666720338,
        "narHash": "sha256-7V91ZtTz7zDXb6hivktQ9RlBglP+WEkYFSciPJHwMJw=",
        "owner": "nix-community",
        "repo": "NixOS-WSL",
        "rev": "7bfb8f5aa91fee30a189eae32cda8ddc465076df",
        "type": "github"
      },
      "original": {
        "owner": "nix-community",
        "repo": "NixOS-WSL",
        "type": "github"
      }
    },
    "x": {
      "inputs": {
        "ckiee": "ckiee",
        "gomod2nix": "gomod2nix",
        "nixpkgs": [
          "nixpkgs"
        ],
        "portable-svc": "portable-svc_2",
        "utils": [
          "utils"
        ]
      },
      "locked": {
        "lastModified": 1665543130,
        "narHash": "sha256-gwH4rNAyDeq5MCRewElJcg7oPbRN3DmtpDvhdu746io=",
        "owner": "Xe",
        "repo": "x",
        "rev": "c8e62e704d47ede0b8ed0af673ce7c6493273ed7",
        "type": "github"
      },
      "original": {
        "owner": "Xe",
        "repo": "x",
        "type": "github"
      }
    },
    "xess": {
      "inputs": {
        "nixpkgs": "nixpkgs_8",
        "utils": "utils_3"
      },
      "locked": {
        "lastModified": 1640540322,
        "narHash": "sha256-II4raADUWKTLDAALyJSToAgL8FB1ADbRHqEr/b3JeIc=",
        "owner": "Xe",
        "repo": "Xess",
        "rev": "5fabc96de6487a721235c4bdf18214519d9e6201",
        "type": "github"
      },
      "original": {
        "owner": "Xe",
        "repo": "Xess",
        "type": "github"
      }
    },
    "xess_2": {
      "inputs": {
        "nixpkgs": [
          "waifud",
          "nixpkgs"
        ],
        "utils": [
          "waifud",
          "utils"
        ]
      },
      "locked": {
        "lastModified": 1640540322,
        "narHash": "sha256-II4raADUWKTLDAALyJSToAgL8FB1ADbRHqEr/b3JeIc=",
        "owner": "Xe",
        "repo": "Xess",
        "rev": "5fabc96de6487a721235c4bdf18214519d9e6201",
        "type": "github"
      },
      "original": {
        "owner": "Xe",
        "repo": "Xess",
        "type": "github"
      }
    }
  },
  "root": "root",
  "version": 7
}
