{
  "nodes": {
    "agenix": {
      "inputs": {
        "nixpkgs": "nixpkgs"
      },
      "locked": {
        "lastModified": 1673301561,
        "narHash": "sha256-gRUWHbBAtMuPDJQXotoI8u6+3DGBIUZHkyQWpIv7WpM=",
        "owner": "ryantm",
        "repo": "agenix",
        "rev": "42d371d861a227149dc9a7e03350c9ab8b8ddd68",
        "type": "github"
      },
      "original": {
        "owner": "ryantm",
        "repo": "agenix",
        "type": "github"
      }
    },
    "deno2nix": {
      "inputs": {
        "devshell": "devshell",
        "flake-compat": "flake-compat_2",
        "flake-utils": [
          "waifud",
          "utils"
        ],
        "nixpkgs": [
          "waifud",
          "nixpkgs"
        ]
      },
      "locked": {
        "lastModified": 1670562741,
        "narHash": "sha256-13PVEXOYrbsGn05bIp/WWhG6lREgfcQtRTQU9Jd4g8w=",
        "owner": "Xe",
        "repo": "deno2nix",
        "rev": "db3563f20f74eab34e2c268e2a159325df315085",
        "type": "github"
      },
      "original": {
        "owner": "Xe",
        "repo": "deno2nix",
        "type": "github"
      }
    },
    "deno2nix_2": {
      "inputs": {
        "devshell": "devshell_2",
        "flake-compat": "flake-compat_4",
        "flake-utils": [
          "xesite",
          "flake-utils"
        ],
        "nixpkgs": [
          "xesite",
          "nixpkgs"
        ]
      },
      "locked": {
        "lastModified": 1670562741,
        "narHash": "sha256-13PVEXOYrbsGn05bIp/WWhG6lREgfcQtRTQU9Jd4g8w=",
        "owner": "Xe",
        "repo": "deno2nix",
        "rev": "db3563f20f74eab34e2c268e2a159325df315085",
        "type": "github"
      },
      "original": {
        "owner": "Xe",
        "repo": "deno2nix",
        "type": "github"
      }
    },
    "deploy-rs": {
      "inputs": {
        "flake-compat": "flake-compat",
        "nixpkgs": "nixpkgs_2",
        "utils": "utils"
      },
      "locked": {
        "lastModified": 1674127017,
        "narHash": "sha256-QO1xF7stu5ZMDLbHN30LFolMAwY6TVlzYvQoUs1RD68=",
        "owner": "serokell",
        "repo": "deploy-rs",
        "rev": "8c9ea9605eed20528bf60fae35a2b613b901fd77",
        "type": "github"
      },
      "original": {
        "owner": "serokell",
        "repo": "deploy-rs",
        "type": "github"
      }
    },
    "devshell": {
      "inputs": {
        "flake-utils": [
          "waifud",
          "deno2nix",
          "flake-utils"
        ],
        "nixpkgs": [
          "waifud",
          "deno2nix",
          "nixpkgs"
        ]
      },
      "locked": {
        "lastModified": 1667210711,
        "narHash": "sha256-IoErjXZAkzYWHEpQqwu/DeRNJGFdR7X2OGbkhMqMrpw=",
        "owner": "numtide",
        "repo": "devshell",
        "rev": "96a9dd12b8a447840cc246e17a47b81a4268bba7",
        "type": "github"
      },
      "original": {
        "owner": "numtide",
        "repo": "devshell",
        "type": "github"
      }
    },
    "devshell_2": {
      "inputs": {
        "flake-utils": [
          "xesite",
          "deno2nix",
          "flake-utils"
        ],
        "nixpkgs": [
          "xesite",
          "deno2nix",
          "nixpkgs"
        ]
      },
      "locked": {
        "lastModified": 1667210711,
        "narHash": "sha256-IoErjXZAkzYWHEpQqwu/DeRNJGFdR7X2OGbkhMqMrpw=",
        "owner": "numtide",
        "repo": "devshell",
        "rev": "96a9dd12b8a447840cc246e17a47b81a4268bba7",
        "type": "github"
      },
      "original": {
        "owner": "numtide",
        "repo": "devshell",
        "type": "github"
      }
    },
    "emacs-overlay": {
      "inputs": {
        "flake-utils": "flake-utils",
        "nixpkgs": [
          "nixpkgs"
        ]
      },
      "locked": {
        "lastModified": 1674099013,
        "narHash": "sha256-B/SrOPS0oXrXDI7J/+EZyCYyuV75/y0FhffTkO5E2Po=",
        "owner": "nix-community",
        "repo": "emacs-overlay",
        "rev": "8365523d10c9fca0a232e5dfaaad783bf34ecf02",
        "type": "github"
      },
      "original": {
        "owner": "nix-community",
        "repo": "emacs-overlay",
        "type": "github"
      }
    },
    "flake-compat": {
      "flake": false,
      "locked": {
        "lastModified": 1668681692,
        "narHash": "sha256-Ht91NGdewz8IQLtWZ9LCeNXMSXHUss+9COoqu6JLmXU=",
        "owner": "edolstra",
        "repo": "flake-compat",
        "rev": "009399224d5e398d03b22badca40a37ac85412a1",
        "type": "github"
      },
      "original": {
        "owner": "edolstra",
        "repo": "flake-compat",
        "type": "github"
      }
    },
    "flake-compat_2": {
      "flake": false,
      "locked": {
        "lastModified": 1668681692,
        "narHash": "sha256-Ht91NGdewz8IQLtWZ9LCeNXMSXHUss+9COoqu6JLmXU=",
        "owner": "edolstra",
        "repo": "flake-compat",
        "rev": "009399224d5e398d03b22badca40a37ac85412a1",
        "type": "github"
      },
      "original": {
        "owner": "edolstra",
        "repo": "flake-compat",
        "type": "github"
      }
    },
    "flake-compat_3": {
      "flake": false,
      "locked": {
        "lastModified": 1668681692,
        "narHash": "sha256-Ht91NGdewz8IQLtWZ9LCeNXMSXHUss+9COoqu6JLmXU=",
        "owner": "edolstra",
        "repo": "flake-compat",
        "rev": "009399224d5e398d03b22badca40a37ac85412a1",
        "type": "github"
      },
      "original": {
        "owner": "edolstra",
        "repo": "flake-compat",
        "type": "github"
      }
    },
    "flake-compat_4": {
      "flake": false,
      "locked": {
        "lastModified": 1668681692,
        "narHash": "sha256-Ht91NGdewz8IQLtWZ9LCeNXMSXHUss+9COoqu6JLmXU=",
        "owner": "edolstra",
        "repo": "flake-compat",
        "rev": "009399224d5e398d03b22badca40a37ac85412a1",
        "type": "github"
      },
      "original": {
        "owner": "edolstra",
        "repo": "flake-compat",
        "type": "github"
      }
    },
    "flake-compat_5": {
      "flake": false,
      "locked": {
        "lastModified": 1668681692,
        "narHash": "sha256-Ht91NGdewz8IQLtWZ9LCeNXMSXHUss+9COoqu6JLmXU=",
        "owner": "edolstra",
        "repo": "flake-compat",
        "rev": "009399224d5e398d03b22badca40a37ac85412a1",
        "type": "github"
      },
      "original": {
        "owner": "edolstra",
        "repo": "flake-compat",
        "type": "github"
      }
    },
    "flake-utils": {
      "locked": {
        "lastModified": 1667395993,
        "narHash": "sha256-nuEHfE/LcWyuSWnS8t12N1wc105Qtau+/OdUAjtQ0rA=",
        "owner": "numtide",
        "repo": "flake-utils",
        "rev": "5aed5285a952e0b949eb3ba02c12fa4fcfef535f",
        "type": "github"
      },
      "original": {
        "owner": "numtide",
        "repo": "flake-utils",
        "type": "github"
      }
    },
    "gomod2nix": {
      "inputs": {
        "nixpkgs": [
          "x",
          "nixpkgs"
        ],
        "utils": [
          "x",
          "utils"
        ]
      },
      "locked": {
        "lastModified": 1662501203,
        "narHash": "sha256-4BKeqCX2zwgBiTdlc2DjGQ0CttKm0vSw0r/bdFdM/PQ=",
        "owner": "nix-community",
        "repo": "gomod2nix",
        "rev": "89cd0675b96775aa3ee86e7c0cf5bc238dd27976",
        "type": "github"
      },
      "original": {
        "owner": "nix-community",
        "repo": "gomod2nix",
        "type": "github"
      }
    },
    "home-manager": {
      "inputs": {
        "nixpkgs": "nixpkgs_3",
        "utils": "utils_2"
      },
      "locked": {
        "lastModified": 1674082145,
        "narHash": "sha256-4IpEt5Jc6VrNcpIcrKMCZAyeJMLXaaHk+yOV9HusO/A=",
        "owner": "nix-community",
        "repo": "home-manager",
        "rev": "7026e1a934abfa02623c9870378dbcdac3cd7f80",
        "type": "github"
      },
      "original": {
        "owner": "nix-community",
        "repo": "home-manager",
        "type": "github"
      }
    },
    "mara": {
      "inputs": {
        "naersk": "naersk",
        "nixpkgs": [
          "nixpkgs"
        ],
        "utils": [
          "utils"
        ]
      },
      "locked": {
        "lastModified": 1645303154,
        "narHash": "sha256-BrFM/oLj55Q0KRTbfbZQZHXZd8KHQCQYL8xwg9ZRDMM=",
        "ref": "main",
        "rev": "4446edeb050ef24708d03711af998d8d6ac4d998",
        "revCount": 13,
        "type": "git",
        "url": "https://tulpa.dev/Xe/mara.git"
      },
      "original": {
        "ref": "main",
        "type": "git",
        "url": "https://tulpa.dev/Xe/mara.git"
      }
    },
    "naersk": {
      "inputs": {
        "nixpkgs": [
          "mara",
          "nixpkgs"
        ]
      },
      "locked": {
        "lastModified": 1639947939,
        "narHash": "sha256-pGsM8haJadVP80GFq4xhnSpNitYNQpaXk4cnA796Cso=",
        "owner": "nmattia",
        "repo": "naersk",
        "rev": "2fc8ce9d3c025d59fee349c1f80be9785049d653",
        "type": "github"
      },
      "original": {
        "owner": "nmattia",
        "ref": "master",
        "repo": "naersk",
        "type": "github"
      }
    },
    "naersk_2": {
      "inputs": {
        "nixpkgs": "nixpkgs_5"
      },
      "locked": {
        "lastModified": 1650265945,
        "narHash": "sha256-SO8+1db4jTOjnwP++29vVgImLIfETSXyoz0FuLkiikE=",
        "owner": "nix-community",
        "repo": "naersk",
        "rev": "e8f9f8d037774becd82fce2781e1abdb7836d7df",
        "type": "github"
      },
      "original": {
        "owner": "nix-community",
        "repo": "naersk",
        "type": "github"
      }
    },
    "naersk_3": {
      "inputs": {
        "nixpkgs": [
          "waifud",
          "nixpkgs"
        ]
      },
      "locked": {
        "lastModified": 1671096816,
        "narHash": "sha256-ezQCsNgmpUHdZANDCILm3RvtO1xH8uujk/+EqNvzIOg=",
        "owner": "nmattia",
        "repo": "naersk",
        "rev": "d998160d6a076cfe8f9741e56aeec7e267e3e114",
        "type": "github"
      },
      "original": {
        "owner": "nmattia",
        "ref": "master",
        "repo": "naersk",
        "type": "github"
      }
    },
    "naersk_4": {
      "inputs": {
        "nixpkgs": [
          "xesite",
          "nixpkgs"
        ]
      },
      "locked": {
        "lastModified": 1662220400,
        "narHash": "sha256-9o2OGQqu4xyLZP9K6kNe1pTHnyPz0Wr3raGYnr9AIgY=",
        "owner": "nix-community",
        "repo": "naersk",
        "rev": "6944160c19cb591eb85bbf9b2f2768a935623ed3",
        "type": "github"
      },
      "original": {
        "owner": "nix-community",
        "repo": "naersk",
        "type": "github"
      }
    },
    "nixpkgs": {
      "locked": {
        "lastModified": 1665732960,
        "narHash": "sha256-WBZ+uSHKFyjvd0w4inbm0cNExYTn8lpYFcHEes8tmec=",
        "owner": "NixOS",
        "repo": "nixpkgs",
        "rev": "4428e23312933a196724da2df7ab78eb5e67a88e",
        "type": "github"
      },
      "original": {
        "owner": "NixOS",
        "ref": "nixos-unstable",
        "repo": "nixpkgs",
        "type": "github"
      }
    },
    "nixpkgs_2": {
      "locked": {
        "lastModified": 1671417167,
        "narHash": "sha256-JkHam6WQOwZN1t2C2sbp1TqMv3TVRjzrdoejqfefwrM=",
        "owner": "NixOS",
        "repo": "nixpkgs",
        "rev": "bb31220cca6d044baa6dc2715b07497a2a7c4bc7",
        "type": "github"
      },
      "original": {
        "owner": "NixOS",
        "ref": "nixpkgs-unstable",
        "repo": "nixpkgs",
        "type": "github"
      }
    },
    "nixpkgs_3": {
      "locked": {
        "lastModified": 1671983799,
        "narHash": "sha256-Z2Ro6hFPZHkBqkVXY5/aBUzxi5xizQGvuHQ9+T5B/ks=",
        "owner": "nixos",
        "repo": "nixpkgs",
        "rev": "fad51abd42ca17a60fc1d4cb9382e2d79ae31836",
        "type": "github"
      },
      "original": {
        "owner": "nixos",
        "ref": "nixos-unstable",
        "repo": "nixpkgs",
        "type": "github"
      }
    },
    "nixpkgs_4": {
      "locked": {
        "lastModified": 1673796341,
        "narHash": "sha256-1kZi9OkukpNmOaPY7S5/+SlCDOuYnP3HkXHvNDyLQcc=",
        "owner": "NixOS",
        "repo": "nixpkgs",
        "rev": "6dccdc458512abce8d19f74195bb20fdb067df50",
        "type": "github"
      },
      "original": {
        "owner": "NixOS",
        "ref": "nixos-unstable",
        "repo": "nixpkgs",
        "type": "github"
      }
    },
    "nixpkgs_5": {
      "locked": {
        "lastModified": 1650555608,
        "narHash": "sha256-e34oMPWPwRWhF1K6NZnF0mNle7qDADJzjWujp8UupGo=",
        "owner": "NixOS",
        "repo": "nixpkgs",
        "rev": "c11ee1c598b15a24d18f142f85ee3d438afc39e6",
        "type": "github"
      },
      "original": {
        "id": "nixpkgs",
        "type": "indirect"
      }
    },
    "nixpkgs_6": {
      "locked": {
        "lastModified": 1650161686,
        "narHash": "sha256-70ZWAlOQ9nAZ08OU6WY7n4Ij2kOO199dLfNlvO/+pf8=",
        "owner": "NixOS",
        "repo": "nixpkgs",
        "rev": "1ffba9f2f683063c2b14c9f4d12c55ad5f4ed887",
        "type": "github"
      },
      "original": {
        "id": "nixpkgs",
        "ref": "nixos-unstable",
        "type": "indirect"
      }
    },
    "nixpkgs_7": {
      "locked": {
        "lastModified": 1640319671,
        "narHash": "sha256-ZkKmakwaOaLiZOpIZWbeJZwap5CzJ30s4UJTfydYIYc=",
        "owner": "nixos",
        "repo": "nixpkgs",
        "rev": "eac07edbd20ed4908b98790ba299250b5527ecdf",
        "type": "github"
      },
      "original": {
        "owner": "nixos",
        "ref": "nixos-unstable",
        "repo": "nixpkgs",
        "type": "github"
      }
    },
    "portable-svc": {
      "inputs": {
        "nixpkgs": "nixpkgs_6"
      },
      "locked": {
        "lastModified": 1650586426,
        "narHash": "sha256-n/Q2IzITm8s5sej3l3D0rxJcd7vx4P7KF4hOkN9pOOg=",
        "ref": "main",
        "rev": "eb4b2c4754e5cd4a976a2941c27194526e8781de",
        "revCount": 6,
        "type": "git",
        "url": "https://tulpa.dev/cadey/portable-svc.git"
      },
      "original": {
        "ref": "main",
        "type": "git",
        "url": "https://tulpa.dev/cadey/portable-svc.git"
      }
    },
    "printerfacts": {
      "inputs": {
        "flake-utils": [
          "utils"
        ],
        "naersk": "naersk_2",
        "nixpkgs": [
          "nixpkgs"
        ],
        "portable-svc": "portable-svc",
        "xess": "xess"
      },
      "locked": {
        "lastModified": 1650588246,
        "narHash": "sha256-Pq92JetnhkvGArE+fUQcTtUB0DUi6yS4mY3IuRGn/qU=",
        "ref": "main",
        "rev": "640a40809968f897b7de7694705eb5621bbe87ea",
        "revCount": 62,
        "type": "git",
        "url": "https://tulpa.dev/cadey/printerfacts.git"
      },
      "original": {
        "ref": "main",
        "type": "git",
        "url": "https://tulpa.dev/cadey/printerfacts.git"
      }
    },
    "rhea": {
      "inputs": {
        "nixpkgs": [
          "nixpkgs"
        ]
      },
      "locked": {
        "lastModified": 1672602248,
        "narHash": "sha256-VH7/DqYZfQ5N+38gYm3xHEwMVG3iGaPmjfvVAU9ifk4=",
        "owner": "Xe",
        "repo": "rhea",
        "rev": "a47a471a202e3335569e4254ad35254fb483f416",
        "type": "github"
      },
      "original": {
        "owner": "Xe",
        "repo": "rhea",
        "type": "github"
      }
    },
    "root": {
      "inputs": {
        "agenix": "agenix",
        "deploy-rs": "deploy-rs",
        "emacs-overlay": "emacs-overlay",
        "home-manager": "home-manager",
        "mara": "mara",
        "nixpkgs": "nixpkgs_4",
        "printerfacts": "printerfacts",
        "rhea": "rhea",
        "utils": "utils_4",
        "waifud": "waifud",
        "wsl": "wsl",
        "x": "x",
        "xesite": "xesite"
      }
    },
    "rust-overlay": {
      "inputs": {
        "flake-utils": [
          "x",
          "utils"
        ],
        "nixpkgs": [
          "x",
          "nixpkgs"
        ]
      },
      "locked": {
        "lastModified": 1669516540,
        "narHash": "sha256-KzAKsPr6s77I2/0wWJ2tSY7Ca5Av/bqfw3aUv8lbuH4=",
        "owner": "oxalica",
        "repo": "rust-overlay",
        "rev": "d99b1e8e21de25b97cbadb413d3510cec0ba5bc5",
        "type": "github"
      },
      "original": {
        "owner": "oxalica",
        "repo": "rust-overlay",
        "type": "github"
      }
    },
    "utils": {
      "locked": {
        "lastModified": 1667395993,
        "narHash": "sha256-nuEHfE/LcWyuSWnS8t12N1wc105Qtau+/OdUAjtQ0rA=",
        "owner": "numtide",
        "repo": "flake-utils",
        "rev": "5aed5285a952e0b949eb3ba02c12fa4fcfef535f",
        "type": "github"
      },
      "original": {
        "owner": "numtide",
        "repo": "flake-utils",
        "type": "github"
      }
    },
    "utils_2": {
      "locked": {
        "lastModified": 1667395993,
        "narHash": "sha256-nuEHfE/LcWyuSWnS8t12N1wc105Qtau+/OdUAjtQ0rA=",
        "owner": "numtide",
        "repo": "flake-utils",
        "rev": "5aed5285a952e0b949eb3ba02c12fa4fcfef535f",
        "type": "github"
      },
      "original": {
        "owner": "numtide",
        "repo": "flake-utils",
        "type": "github"
      }
    },
    "utils_3": {
      "locked": {
        "lastModified": 1638122382,
        "narHash": "sha256-sQzZzAbvKEqN9s0bzWuYmRaA03v40gaJ4+iL1LXjaeI=",
        "owner": "numtide",
        "repo": "flake-utils",
        "rev": "74f7e4319258e287b0f9cb95426c9853b282730b",
        "type": "github"
      },
      "original": {
        "owner": "numtide",
        "repo": "flake-utils",
        "type": "github"
      }
    },
    "utils_4": {
      "locked": {
        "lastModified": 1667395993,
        "narHash": "sha256-nuEHfE/LcWyuSWnS8t12N1wc105Qtau+/OdUAjtQ0rA=",
        "owner": "numtide",
        "repo": "flake-utils",
        "rev": "5aed5285a952e0b949eb3ba02c12fa4fcfef535f",
        "type": "github"
      },
      "original": {
        "owner": "numtide",
        "repo": "flake-utils",
        "type": "github"
      }
    },
    "waifud": {
      "inputs": {
        "deno2nix": "deno2nix",
        "naersk": "naersk_3",
        "nixpkgs": [
          "nixpkgs"
        ],
        "utils": [
          "utils"
        ],
        "xess": "xess_2"
      },
      "locked": {
        "lastModified": 1673730613,
        "narHash": "sha256-PVWavokoFkD22I/mdfNcSGGtV15dX8lUo5l+k7yR1qE=",
        "owner": "Xe",
        "repo": "waifud",
        "rev": "b8874c7ee0b8fb78c84c3264524f1bb6b2d99ca1",
        "type": "github"
      },
      "original": {
        "owner": "Xe",
        "repo": "waifud",
        "type": "github"
      }
    },
    "wsl": {
      "inputs": {
        "flake-compat": "flake-compat_3",
        "flake-utils": [
          "utils"
        ],
        "nixpkgs": [
          "nixpkgs"
        ]
      },
      "locked": {
        "lastModified": 1673339198,
        "narHash": "sha256-5EAIJq89sTFooJ5vhsnaw7mDtKVDICvCv2ul7+BXAgA=",
        "owner": "nix-community",
        "repo": "NixOS-WSL",
        "rev": "217178edb1127fb41ac4fd534d8a513c3dd3d81b",
        "type": "github"
      },
      "original": {
        "owner": "nix-community",
        "repo": "NixOS-WSL",
        "type": "github"
      }
    },
    "x": {
      "inputs": {
        "gomod2nix": "gomod2nix",
        "nixpkgs": [
          "nixpkgs"
        ],
        "rust-overlay": "rust-overlay",
        "utils": [
          "utils"
        ]
      },
      "locked": {
        "lastModified": 1673879687,
        "narHash": "sha256-ODI5nOb1A8Qb4ZYfDl04JgLKg0vuK0Lc3TNFupU1GVg=",
        "owner": "Xe",
        "repo": "x",
        "rev": "4e67062641cbaf7b3a08248ca1cc7661187d9c16",
        "type": "github"
      },
      "original": {
        "owner": "Xe",
        "repo": "x",
        "type": "github"
      }
    },
    "xesite": {
      "inputs": {
        "deno2nix": "deno2nix_2",
        "flake-compat": "flake-compat_5",
        "flake-utils": [
          "utils"
        ],
        "naersk": "naersk_4",
        "nixpkgs": [
          "nixpkgs"
        ]
      },
      "locked": {
        "lastModified": 1674080386,
        "narHash": "sha256-0PFkQNp7Yuzsyhfi2m7FxgWWc9Sp+ZC4kxAJQvvwF6E=",
        "owner": "Xe",
        "repo": "site",
        "rev": "819567e8bb84fc60eeb030d40bfa4175ef3af0cd",
        "type": "github"
      },
      "original": {
        "owner": "Xe",
        "repo": "site",
        "type": "github"
      }
    },
    "xess": {
      "inputs": {
        "nixpkgs": "nixpkgs_7",
        "utils": "utils_3"
      },
      "locked": {
        "lastModified": 1640540322,
        "narHash": "sha256-II4raADUWKTLDAALyJSToAgL8FB1ADbRHqEr/b3JeIc=",
        "owner": "Xe",
        "repo": "Xess",
        "rev": "5fabc96de6487a721235c4bdf18214519d9e6201",
        "type": "github"
      },
      "original": {
        "owner": "Xe",
        "repo": "Xess",
        "type": "github"
      }
    },
    "xess_2": {
      "inputs": {
        "nixpkgs": [
          "waifud",
          "nixpkgs"
        ],
        "utils": [
          "waifud",
          "utils"
        ]
      },
      "locked": {
        "lastModified": 1667763126,
        "narHash": "sha256-wKn3q3hICvEfs0m3CaeJmLCSyWVuVw/5LgDdh3QSXkU=",
        "owner": "Xe",
        "repo": "Xess",
        "rev": "882799a25ce4fa4df014ad701aaa5a9b23ff9e85",
        "type": "github"
      },
      "original": {
        "owner": "Xe",
        "repo": "Xess",
        "type": "github"
      }
    }
  },
  "root": "root",
  "version": 7
}
